
Microsoft Visual Studio Solution File, Format Version 12.00
# Visual Studio Version 17
VisualStudioVersion = 17.10.35027.167
MinimumVisualStudioVersion = 10.0.40219.1
Project("{FAE04EC0-301F-11D3-BF4B-00C04F79EFBC}") = "Indicator1", "Indicator1\Indicator1.csproj", "{76565DBE-FD7A-4B01-8C9D-0A1204A1675A}"
EndProject
Global
	GlobalSection(SolutionConfigurationPlatforms) = preSolution
		Debug|Any CPU = Debug|Any CPU
		Release|Any CPU = Release|Any CPU
	EndGlobalSection
	GlobalSection(ProjectConfigurationPlatforms) = postSolution
		{76565DBE-FD7A-4B01-8C9D-0A1204A1675A}.Debug|Any CPU.ActiveCfg = Debug|Any CPU
		{76565DBE-FD7A-4B01-8C9D-0A1204A1675A}.Debug|Any CPU.Build.0 = Debug|Any CPU
		{76565DBE-FD7A-4B01-8C9D-0A1204A1675A}.Release|Any CPU.ActiveCfg = Release|Any CPU
		{76565DBE-FD7A-4B01-8C9D-0A1204A1675A}.Release|Any CPU.Build.0 = Release|Any CPU
	EndGlobalSection
	GlobalSection(SolutionProperties) = preSolution
		HideSolutionNode = FALSE
	EndGlobalSection
	GlobalSection(ExtensibilityGlobals) = postSolution
		SolutionGuid = {63EAFDC8-B3C4-471D-8223-17D1239A9E3D}
	EndGlobalSection
EndGlobal
